
Microsoft Visual Studio Solution File, Format Version 12.00
# Visual Studio Version 16
VisualStudioVersion = 16.0.31321.278
MinimumVisualStudioVersion = 10.0.40219.1
Project("{9A19103F-16F7-4668-BE54-9A1E7A4F7556}") = "BreezeAPI", "BreezeAPI\BreezeAPI.csproj", "{E8976140-3753-44AA-9DF8-BD8057CF7B0A}"
EndProject
Project("{FAE04EC0-301F-11D3-BF4B-00C04F79EFBC}") = "BreezeAPITests", "BreezeAPITests\BreezeAPITests.csproj", "{9D0FCBB2-3C4A-4670-BC4F-BFBF657E511F}"
EndProject
Global
	GlobalSection(SolutionConfigurationPlatforms) = preSolution
		Debug|Any CPU = Debug|Any CPU
		Release|Any CPU = Release|Any CPU
	EndGlobalSection
	GlobalSection(ProjectConfigurationPlatforms) = postSolution
		{E8976140-3753-44AA-9DF8-BD8057CF7B0A}.Debug|Any CPU.ActiveCfg = Debug|Any CPU
		{E8976140-3753-44AA-9DF8-BD8057CF7B0A}.Debug|Any CPU.Build.0 = Debug|Any CPU
		{E8976140-3753-44AA-9DF8-BD8057CF7B0A}.Release|Any CPU.ActiveCfg = Release|Any CPU
		{E8976140-3753-44AA-9DF8-BD8057CF7B0A}.Release|Any CPU.Build.0 = Release|Any CPU
		{9D0FCBB2-3C4A-4670-BC4F-BFBF657E511F}.Debug|Any CPU.ActiveCfg = Debug|Any CPU
		{9D0FCBB2-3C4A-4670-BC4F-BFBF657E511F}.Debug|Any CPU.Build.0 = Debug|Any CPU
		{9D0FCBB2-3C4A-4670-BC4F-BFBF657E511F}.Release|Any CPU.ActiveCfg = Release|Any CPU
		{9D0FCBB2-3C4A-4670-BC4F-BFBF657E511F}.Release|Any CPU.Build.0 = Release|Any CPU
	EndGlobalSection
	GlobalSection(SolutionProperties) = preSolution
		HideSolutionNode = FALSE
	EndGlobalSection
	GlobalSection(ExtensibilityGlobals) = postSolution
		SolutionGuid = {5F42E288-4AC4-4556-9F6C-1F31101DB3B2}
	EndGlobalSection
EndGlobal
